
Microsoft Visual Studio Solution File, Format Version 12.00
# Visual Studio Version 16
VisualStudioVersion = 16.0.31515.178
MinimumVisualStudioVersion = 10.0.40219.1
Project("{FAE04EC0-301F-11D3-BF4B-00C04F79EFBC}") = "lab8", "lab8\lab8.csproj", "{328DB003-F5C0-4C10-BE40-2AFF34A9402F}"
EndProject
Global
	GlobalSection(SolutionConfigurationPlatforms) = preSolution
		Debug|Any CPU = Debug|Any CPU
		Release|Any CPU = Release|Any CPU
	EndGlobalSection
	GlobalSection(ProjectConfigurationPlatforms) = postSolution
		{328DB003-F5C0-4C10-BE40-2AFF34A9402F}.Debug|Any CPU.ActiveCfg = Debug|Any CPU
		{328DB003-F5C0-4C10-BE40-2AFF34A9402F}.Debug|Any CPU.Build.0 = Debug|Any CPU
		{328DB003-F5C0-4C10-BE40-2AFF34A9402F}.Release|Any CPU.ActiveCfg = Release|Any CPU
		{328DB003-F5C0-4C10-BE40-2AFF34A9402F}.Release|Any CPU.Build.0 = Release|Any CPU
	EndGlobalSection
	GlobalSection(SolutionProperties) = preSolution
		HideSolutionNode = FALSE
	EndGlobalSection
	GlobalSection(ExtensibilityGlobals) = postSolution
		SolutionGuid = {9EEC1B62-FFF6-4EC9-AED1-28B1A3204B5D}
	EndGlobalSection
EndGlobal
