
Microsoft Visual Studio Solution File, Format Version 12.00
# Visual Studio Version 16
VisualStudioVersion = 16.0.31515.178
MinimumVisualStudioVersion = 10.0.40219.1
Project("{FAE04EC0-301F-11D3-BF4B-00C04F79EFBC}") = "lab12", "lab12\lab12.csproj", "{A635BF2C-ED78-4A0C-B937-EC01D95BE66C}"
EndProject
Global
	GlobalSection(SolutionConfigurationPlatforms) = preSolution
		Debug|Any CPU = Debug|Any CPU
		Release|Any CPU = Release|Any CPU
	EndGlobalSection
	GlobalSection(ProjectConfigurationPlatforms) = postSolution
		{A635BF2C-ED78-4A0C-B937-EC01D95BE66C}.Debug|Any CPU.ActiveCfg = Debug|Any CPU
		{A635BF2C-ED78-4A0C-B937-EC01D95BE66C}.Debug|Any CPU.Build.0 = Debug|Any CPU
		{A635BF2C-ED78-4A0C-B937-EC01D95BE66C}.Release|Any CPU.ActiveCfg = Release|Any CPU
		{A635BF2C-ED78-4A0C-B937-EC01D95BE66C}.Release|Any CPU.Build.0 = Release|Any CPU
	EndGlobalSection
	GlobalSection(SolutionProperties) = preSolution
		HideSolutionNode = FALSE
	EndGlobalSection
	GlobalSection(ExtensibilityGlobals) = postSolution
		SolutionGuid = {9A93AB25-5ADB-4DC5-862E-C3F5AB3A9DE4}
	EndGlobalSection
EndGlobal
